
Microsoft Visual Studio Solution File, Format Version 12.00
# Visual Studio 2015
Project("{FAE04EC0-301F-11D3-BF4B-00C04F79EFBC}") = "ConejoEspacial_orig", "ConejoEspacial_orig.csproj", "{E4EC316C-A3B7-59A4-9B0F-1564933A414D}"
EndProject
Project("{FAE04EC0-301F-11D3-BF4B-00C04F79EFBC}") = "ConejoEspacial_orig.Editor", "ConejoEspacial_orig.Editor.csproj", "{988C8983-3EE4-12BF-457F-2ACE29652B51}"
EndProject
Global
	GlobalSection(SolutionConfigurationPlatforms) = preSolution
		Debug|Any CPU = Debug|Any CPU
		Release|Any CPU = Release|Any CPU
	EndGlobalSection
	GlobalSection(ProjectConfigurationPlatforms) = postSolution
		{E4EC316C-A3B7-59A4-9B0F-1564933A414D}.Debug|Any CPU.ActiveCfg = Debug|Any CPU
		{E4EC316C-A3B7-59A4-9B0F-1564933A414D}.Debug|Any CPU.Build.0 = Debug|Any CPU
		{E4EC316C-A3B7-59A4-9B0F-1564933A414D}.Release|Any CPU.ActiveCfg = Release|Any CPU
		{E4EC316C-A3B7-59A4-9B0F-1564933A414D}.Release|Any CPU.Build.0 = Release|Any CPU
		{988C8983-3EE4-12BF-457F-2ACE29652B51}.Debug|Any CPU.ActiveCfg = Debug|Any CPU
		{988C8983-3EE4-12BF-457F-2ACE29652B51}.Debug|Any CPU.Build.0 = Debug|Any CPU
		{988C8983-3EE4-12BF-457F-2ACE29652B51}.Release|Any CPU.ActiveCfg = Release|Any CPU
		{988C8983-3EE4-12BF-457F-2ACE29652B51}.Release|Any CPU.Build.0 = Release|Any CPU
	EndGlobalSection
	GlobalSection(SolutionProperties) = preSolution
		HideSolutionNode = FALSE
	EndGlobalSection
EndGlobal
